{
  "name": "taodepzai-luau-tests",
  "lockfileVersion": 3,
  "requires": true,
  "packages": {
    "": {
      "name": "taodepzai-luau-tests",
      "dependencies": {
        "@luau-rs/luau": "^0.739.0"
      }
    },
    "node_modules/@luau-rs/luau": {
      "version": "0.739.0",
      "resolved": "https://registry.npmjs.org/@luau-rs/luau/-/luau-0.739.0.tgz",
      "integrity": "sha512-PWYn0W9IrN3w6i98jqXbw9sVMz11fjJ3GG9tWy2cTIk5wcc3C2TjyITXpYvindVmU/fHUvNqylAS8WJ38bUJjQ==",
      "license": "MIT",
      "dependencies": {
        "valibot": "^1.4.2"
      },
      "bin": {
        "luau-bindgen": "dist/definition-cli.js"
      },
      "peerDependencies": {
        "typescript": "^6.0.0"
      },
      "peerDependenciesMeta": {
        "typescript": {
          "optional": true
        }
      }
    },
    "node_modules/valibot": {
      "version": "1.5.0",
      "resolved": "https://registry.npmjs.org/valibot/-/valibot-1.5.0.tgz",
      "integrity": "sha512-nil6AkP2TChWL43Z5uJ6GTxX01CUA+g8LWUM+N/rB9NBbkUMaUsi9PUNzlUPgoKASgmx9f7eGOYpJ04/fSa6FQ==",
      "license": "MIT",
      "peerDependencies": {
        "typescript": ">=5"
      },
      "peerDependenciesMeta": {
        "typescript": {
          "optional": true
        }
      }
    }
  }
}
